version = "0.6.4"
home = "/home/fourjuaneight"
config_dir = "/home/fourjuaneight/.config/sheldon"
data_dir = "/home/fourjuaneight/.config/sheldon"
config_file = "/home/fourjuaneight/.config/sheldon/plugins.toml"
lock_file = "/home/fourjuaneight/.config/sheldon/plugins.lock"
clone_dir = "/home/fourjuaneight/.config/sheldon/repos"
download_dir = "/home/fourjuaneight/.config/sheldon/downloads"

[[plugins]]
name = "fast-syntax-highlighting"
source_dir = "/home/fourjuaneight/.config/sheldon/repos/github.com/zdharma/fast-syntax-highlighting"
files = ["/home/fourjuaneight/.config/sheldon/repos/github.com/zdharma/fast-syntax-highlighting/fast-syntax-highlighting.plugin.zsh"]
apply = ["source"]

[[plugins]]
name = "zsh-autopair"
source_dir = "/home/fourjuaneight/.config/sheldon/repos/github.com/hlissner/zsh-autopair"
files = ["/home/fourjuaneight/.config/sheldon/repos/github.com/hlissner/zsh-autopair/zsh-autopair.plugin.zsh"]
apply = ["source"]

[[plugins]]
name = "zsh-autosuggestions"
source_dir = "/home/fourjuaneight/.config/sheldon/repos/github.com/zsh-users/zsh-autosuggestions"
files = ["/home/fourjuaneight/.config/sheldon/repos/github.com/zsh-users/zsh-autosuggestions/zsh-autosuggestions.plugin.zsh"]
apply = ["source"]

[[plugins]]
name = "zsh-completions"
source_dir = "/home/fourjuaneight/.config/sheldon/repos/github.com/zsh-users/zsh-completions"
files = ["/home/fourjuaneight/.config/sheldon/repos/github.com/zsh-users/zsh-completions/zsh-completions.plugin.zsh"]
apply = ["source"]

[[plugins]]
name = "zsh-defer"
source_dir = "/home/fourjuaneight/.config/sheldon/repos/github.com/romkatv/zsh-defer"
files = ["/home/fourjuaneight/.config/sheldon/repos/github.com/romkatv/zsh-defer/zsh-defer.plugin.zsh"]
apply = ["source"]

[[plugins]]
name = "zsh-async"
source_dir = "/home/fourjuaneight/.config/sheldon/repos/github.com/mafredri/zsh-async"
files = ["/home/fourjuaneight/.config/sheldon/repos/github.com/mafredri/zsh-async/async.plugin.zsh"]
apply = ["source"]
[templates.PATH]
value = "export PATH=\"{{ dir }}:$PATH\""
each = false

[templates.path]
value = "path=( \"{{ dir }}\" $path )"
each = false

[templates.fpath]
value = "fpath=( \"{{ dir }}\" $fpath )"
each = false

[templates.source]
value = "source \"{{ file }}\""
each = true
